{
  "R": {
    "Version": "4.0.2",
    "Repositories": [
      {
        "Name": "CRAN",
        "URL": "https://cran.ma.imperial.ac.uk"
      }
    ]
  },
  "Bioconductor": {
    "Version": "3.11"
  },
  "Packages": {
    "AnnotationDbi": {
      "Package": "AnnotationDbi",
      "Version": "1.50.3",
      "Source": "Bioconductor",
      "git_url": "https://git.bioconductor.org/packages/AnnotationDbi",
      "git_branch": "RELEASE_3_11",
      "git_last_commit": "efa119c",
      "git_last_commit_date": "2020-07-24",
      "Hash": "d19b3dfd917dff8a56151842e82fc098",
      "Requirements": [
        "Biobase",
        "BiocGenerics",
        "DBI",
        "IRanges",
        "RSQLite",
        "S4Vectors"
      ]
    },
    "renv": {
      "Package": "renv",
      "Version": "0.15.3",
      "Source": "Repository",
      "Repository": "CRAN",
      "Hash": "318c703b833089e1bc0c6a198362ca19",
      "Requirements": []
    },
    "markdown": {
      "Package": "markdown",
      "Version": "1.0",
      "Source": "Repository",
      "Repository": "CRAN",
      "Hash": "4584a57f565dd7987d59dda3a02cfb41"
    },
    "mime": {
      "Package": "mime",
      "Version": "0.7",
      "Source": "Repository",
      "Repository": "CRAN",
      "Hash": "908d95ccbfd1dd274073ef07a7c93934"
    }
  }
}
