{
  "R": {
    "Version": "4.3.1",
    "Repositories": [
      {
        "Name": "CRAN",
        "URL": "http://archive.linux.duke.edu/cran"
      }
    ]
  },
  "Packages": {
    "Seurat": {
      "Package": "Seurat",
      "Version": "5.0.1",
      "Source": "Repository"
    },
    "optparse": {
      "Package": "optparse",
      "Version": "1.7.3",
      "Source": "Repository"
    },
    "renv": {
      "Package": "renv",
      "Version": "1.0.3",
      "Source": "Repository",
      "Repository": "CRAN",
      "Requirements": [
        "utils"
      ],
      "Hash": "41b847654f567341725473431dd0d5ab"
    }
  }
}
