{
  "R": {
    "Version": "4.2.0",
    "Repositories": [
      {
        "Name": "CRAN",
        "URL": "https://cloud.r-project.org"
      }
    ]
  },
  "Packages": {
    "optparse": {
      "Package": "optparse",
      "Version": "1.7.1",
      "Source": "Repository",
      "Repository": "CRAN",
      "Hash": "2490600671344e847c37a7f75ee458c0",
      "Requirements": [
        "getopt"
      ]
    }
  }
}
