{
  "R": {
    "Version": "4.2.0",
    "Repositories": [
      {
        "Name": "CRAN",
        "URL": "https://cran.ma.imperial.ac.uk"
      }
    ]
  },
  "Bioconductor": {
    "Version": "3.15"
  },
    "DESeq2": {
      "Package": "DESeq2",
      "Version": "1.30.1",
      "Source": "Bioconductor",
      "git_url": "https://git.bioconductor.org/packages/DESeq2",
      "git_branch": "RELEASE_3_12",
      "git_last_commit": "340e674",
      "git_last_commit_date": "2021-02-19",
      "Hash": "1e2b51957aa16c8129786e82cb28a708",
      "Requirements": [
        "Biobase",
        "BiocGenerics",
        "BiocParallel",
        "GenomicRanges",
        "IRanges",
        "Rcpp",
        "RcppArmadillo",
        "S4Vectors",
        "SummarizedExperiment",
        "genefilter",
        "geneplotter",
        "ggplot2",
        "locfit"
      ]
    },
    "edgeR": {
      "Package": "edgeR",
      "Version": "3.30.3",
      "Source": "Bioconductor",
      "git_url": "https://git.bioconductor.org/packages/edgeR",
      "git_branch": "RELEASE_3_11",
      "git_last_commit": "7a3a272",
      "git_last_commit_date": "2020-06-02",
      "Hash": "fed69054bac345df0b60fc9afa7101e9",
      "Requirements": [
        "Rcpp",
        "limma",
        "locfit"
      ]
    },
    "MAST": {
      "Package": "MAST",
      "Version": "1.16.0",
      "Source": "Bioconductor",
      "git_url": "https://git.bioconductor.org/packages/MAST",
      "git_branch": "RELEASE_3_12",
      "git_last_commit": "7c88cab",
      "git_last_commit_date": "2020-10-27",
      "Hash": "650a23fd7adce2aa83929b3a6879c0eb",
      "Requirements": [
        "Biobase",
        "BiocGenerics",
        "S4Vectors",
        "SingleCellExperiment",
        "SummarizedExperiment",
        "abind",
        "data.table",
        "ggplot2",
        "plyr",
        "progress",
        "reshape2",
        "stringr"
      ]
    },
    "RUVSeq": {
      "Package": "RUVSeq",
      "Version": "1.24.0",
      "Source": "Bioconductor",
      "git_url": "https://git.bioconductor.org/packages/RUVSeq",
      "git_branch": "RELEASE_3_12",
      "git_last_commit": "eab5505",
      "git_last_commit_date": "2020-10-27",
      "Hash": "b9fc0942d26851fd74f367dbd7c44572",
      "Requirements": [
        "Biobase",
        "EDASeq",
        "MASS",
        "edgeR"
      ]
    },
    "glmGamPoi": {
      "Package": "glmGamPoi",
      "Version": "1.2.0",
      "Source": "Bioconductor",
      "git_url": "https://git.bioconductor.org/packages/glmGamPoi",
      "git_branch": "RELEASE_3_12",
      "git_last_commit": "a11d461",
      "git_last_commit_date": "2020-10-27",
      "Hash": "e1362597df7f5c4d158b035966da0493",
      "Requirements": [
        "DelayedArray",
        "DelayedMatrixStats",
        "HDF5Array",
        "Rcpp",
        "RcppArmadillo",
        "SummarizedExperiment",
        "beachmat",
        "matrixStats"
      ]
    },
    "fgsea": {
      "Package": "fgsea",
      "Version": "1.16.0",
      "Source": "Bioconductor",
      "git_url": "https://git.bioconductor.org/packages/fgsea",
      "git_branch": "RELEASE_3_12",
      "git_last_commit": "9d9df59",
      "git_last_commit_date": "2020-10-27",
      "Hash": "0ed01e7c1d5fef94d795abb1597aab86",
      "Requirements": [
        "BH",
        "BiocParallel",
        "Matrix",
        "Rcpp",
        "data.table",
        "fastmatch",
        "ggplot2",
        "gridExtra"
      ]
    },
    "limma": {
      "Package": "limma",
      "Version": "3.44.3",
      "Source": "Bioconductor",
      "git_url": "https://git.bioconductor.org/packages/limma",
      "git_branch": "RELEASE_3_11",
      "git_last_commit": "90275de",
      "git_last_commit_date": "2020-06-12",
      "Hash": "dd56ef73b83f3f9393ae28c7549d78ab",
      "Requirements": []
    },
    "optparse": {
      "Package": "optparse",
      "Version": "1.6.6",
      "Source": "Repository",
      "Repository": "CRAN",
      "Hash": "35beff0d8469fbb7037925dde658888c",
      "Requirements": [
        "getopt"
      ]
    }
}
